// !$*UTF8*$!
{
	archiveVersion = 1;
	classes = {
	};
	objectVersion = 48;
	objects = {

/* Begin PBXBuildFile section */
		77B7253C2099C421005E51E1 /* AppDelegate.swift in Sources */ = {isa = PBXBuildFile; fileRef = 77B7253B2099C421005E51E1 /* AppDelegate.swift */; };
		77B7253E2099C421005E51E1 /* ViewController.swift in Sources */ = {isa = PBXBuildFile; fileRef = 77B7253D2099C421005E51E1 /* ViewController.swift */; };
		77B725412099C421005E51E1 /* Main.storyboard in Resources */ = {isa = PBXBuildFile; fileRef = 77B7253F2099C421005E51E1 /* Main.storyboard */; };
		77B725432099C421005E51E1 /* Assets.xcassets in Resources */ = {isa = PBXBuildFile; fileRef = 77B725422099C421005E51E1 /* Assets.xcassets */; };
		77B725462099C421005E51E1 /* LaunchScreen.storyboard in Resources */ = {isa = PBXBuildFile; fileRef = 77B725442099C421005E51E1 /* LaunchScreen.storyboard */; };
		77B7254E2099C444005E51E1 /* UIFont+CustomFont.swift in Sources */ = {isa = PBXBuildFile; fileRef = 77B7254D2099C444005E51E1 /* UIFont+CustomFont.swift */; };
		77B7255B2099C453005E51E1 /* Roboto-MediumItalic.ttf in Resources */ = {isa = PBXBuildFile; fileRef = 77B7254F2099C452005E51E1 /* Roboto-MediumItalic.ttf */; };
		77B7255C2099C453005E51E1 /* Roboto-Black.ttf in Resources */ = {isa = PBXBuildFile; fileRef = 77B725502099C452005E51E1 /* Roboto-Black.ttf */; };
		77B7255D2099C453005E51E1 /* Roboto-Light.ttf in Resources */ = {isa = PBXBuildFile; fileRef = 77B725512099C452005E51E1 /* Roboto-Light.ttf */; };
		77B7255E2099C453005E51E1 /* Roboto-Medium.ttf in Resources */ = {isa = PBXBuildFile; fileRef = 77B725522099C452005E51E1 /* Roboto-Medium.ttf */; };
		77B7255F2099C453005E51E1 /* Roboto-BlackItalic.ttf in Resources */ = {isa = PBXBuildFile; fileRef = 77B725532099C452005E51E1 /* Roboto-BlackItalic.ttf */; };
		77B725602099C453005E51E1 /* Roboto-Italic.ttf in Resources */ = {isa = PBXBuildFile; fileRef = 77B725542099C452005E51E1 /* Roboto-Italic.ttf */; };
		77B725612099C453005E51E1 /* Roboto-LightItalic.ttf in Resources */ = {isa = PBXBuildFile; fileRef = 77B725552099C452005E51E1 /* Roboto-LightItalic.ttf */; };
		77B725622099C453005E51E1 /* Roboto-BoldItalic.ttf in Resources */ = {isa = PBXBuildFile; fileRef = 77B725562099C452005E51E1 /* Roboto-BoldItalic.ttf */; };
		77B725632099C453005E51E1 /* Roboto-Regular.ttf in Resources */ = {isa = PBXBuildFile; fileRef = 77B725572099C453005E51E1 /* Roboto-Regular.ttf */; };
		77B725642099C453005E51E1 /* Roboto-Thin.ttf in Resources */ = {isa = PBXBuildFile; fileRef = 77B725582099C453005E51E1 /* Roboto-Thin.ttf */; };
		77B725652099C453005E51E1 /* Roboto-ThinItalic.ttf in Resources */ = {isa = PBXBuildFile; fileRef = 77B725592099C453005E51E1 /* Roboto-ThinItalic.ttf */; };
		77B725662099C453005E51E1 /* Roboto-Bold.ttf in Resources */ = {isa = PBXBuildFile; fileRef = 77B7255A2099C453005E51E1 /* Roboto-Bold.ttf */; };
/* End PBXBuildFile section */

/* Begin PBXFileReference section */
		77B725382099C421005E51E1 /* Font Extension.app */ = {isa = PBXFileReference; explicitFileType = wrapper.application; includeInIndex = 0; path = "Font Extension.app"; sourceTree = BUILT_PRODUCTS_DIR; };
		77B7253B2099C421005E51E1 /* AppDelegate.swift */ = {isa = PBXFileReference; lastKnownFileType = sourcecode.swift; path = AppDelegate.swift; sourceTree = "<group>"; };
		77B7253D2099C421005E51E1 /* ViewController.swift */ = {isa = PBXFileReference; lastKnownFileType = sourcecode.swift; path = ViewController.swift; sourceTree = "<group>"; };
		77B725402099C421005E51E1 /* Base */ = {isa = PBXFileReference; lastKnownFileType = file.storyboard; name = Base; path = Base.lproj/Main.storyboard; sourceTree = "<group>"; };
		77B725422099C421005E51E1 /* Assets.xcassets */ = {isa = PBXFileReference; lastKnownFileType = folder.assetcatalog; path = Assets.xcassets; sourceTree = "<group>"; };
		77B725452099C421005E51E1 /* Base */ = {isa = PBXFileReference; lastKnownFileType = file.storyboard; name = Base; path = Base.lproj/LaunchScreen.storyboard; sourceTree = "<group>"; };
		77B725472099C421005E51E1 /* Info.plist */ = {isa = PBXFileReference; lastKnownFileType = text.plist.xml; path = Info.plist; sourceTree = "<group>"; };
		77B7254D2099C444005E51E1 /* UIFont+CustomFont.swift */ = {isa = PBXFileReference; fileEncoding = 4; lastKnownFileType = sourcecode.swift; path = "UIFont+CustomFont.swift"; sourceTree = "<group>"; };
		77B7254F2099C452005E51E1 /* Roboto-MediumItalic.ttf */ = {isa = PBXFileReference; lastKnownFileType = file; path = "Roboto-MediumItalic.ttf"; sourceTree = "<group>"; };
		77B725502099C452005E51E1 /* Roboto-Black.ttf */ = {isa = PBXFileReference; lastKnownFileType = file; path = "Roboto-Black.ttf"; sourceTree = "<group>"; };
		77B725512099C452005E51E1 /* Roboto-Light.ttf */ = {isa = PBXFileReference; lastKnownFileType = file; path = "Roboto-Light.ttf"; sourceTree = "<group>"; };
		77B725522099C452005E51E1 /* Roboto-Medium.ttf */ = {isa = PBXFileReference; lastKnownFileType = file; path = "Roboto-Medium.ttf"; sourceTree = "<group>"; };
		77B725532099C452005E51E1 /* Roboto-BlackItalic.ttf */ = {isa = PBXFileReference; lastKnownFileType = file; path = "Roboto-BlackItalic.ttf"; sourceTree = "<group>"; };
		77B725542099C452005E51E1 /* Roboto-Italic.ttf */ = {isa = PBXFileReference; lastKnownFileType = file; path = "Roboto-Italic.ttf"; sourceTree = "<group>"; };
		77B725552099C452005E51E1 /* Roboto-LightItalic.ttf */ = {isa = PBXFileReference; lastKnownFileType = file; path = "Roboto-LightItalic.ttf"; sourceTree = "<group>"; };
		77B725562099C452005E51E1 /* Roboto-BoldItalic.ttf */ = {isa = PBXFileReference; lastKnownFileType = file; path = "Roboto-BoldItalic.ttf"; sourceTree = "<group>"; };
		77B725572099C453005E51E1 /* Roboto-Regular.ttf */ = {isa = PBXFileReference; lastKnownFileType = file; path = "Roboto-Regular.ttf"; sourceTree = "<group>"; };
		77B725582099C453005E51E1 /* Roboto-Thin.ttf */ = {isa = PBXFileReference; lastKnownFileType = file; path = "Roboto-Thin.ttf"; sourceTree = "<group>"; };
		77B725592099C453005E51E1 /* Roboto-ThinItalic.ttf */ = {isa = PBXFileReference; lastKnownFileType = file; path = "Roboto-ThinItalic.ttf"; sourceTree = "<group>"; };
		77B7255A2099C453005E51E1 /* Roboto-Bold.ttf */ = {isa = PBXFileReference; lastKnownFileType = file; path = "Roboto-Bold.ttf"; sourceTree = "<group>"; };
/* End PBXFileReference section */

/* Begin PBXFrameworksBuildPhase section */
		77B725352099C421005E51E1 /* Frameworks */ = {
			isa = PBXFrameworksBuildPhase;
			buildActionMask = 2147483647;
			files = (
			);
			runOnlyForDeploymentPostprocessing = 0;
		};
/* End PBXFrameworksBuildPhase section */

/* Begin PBXGroup section */
		77B7252F2099C421005E51E1 = {
			isa = PBXGroup;
			children = (
				77B7253A2099C421005E51E1 /* Font Extension */,
				77B725392099C421005E51E1 /* Products */,
			);
			sourceTree = "<group>";
		};
		77B725392099C421005E51E1 /* Products */ = {
			isa = PBXGroup;
			children = (
				77B725382099C421005E51E1 /* Font Extension.app */,
			);
			name = Products;
			sourceTree = "<group>";
		};
		77B7253A2099C421005E51E1 /* Font Extension */ = {
			isa = PBXGroup;
			children = (
				77B725502099C452005E51E1 /* Roboto-Black.ttf */,
				77B725532099C452005E51E1 /* Roboto-BlackItalic.ttf */,
				77B7255A2099C453005E51E1 /* Roboto-Bold.ttf */,
				77B725562099C452005E51E1 /* Roboto-BoldItalic.ttf */,
				77B725542099C452005E51E1 /* Roboto-Italic.ttf */,
				77B725512099C452005E51E1 /* Roboto-Light.ttf */,
				77B725552099C452005E51E1 /* Roboto-LightItalic.ttf */,
				77B725522099C452005E51E1 /* Roboto-Medium.ttf */,
				77B7254F2099C452005E51E1 /* Roboto-MediumItalic.ttf */,
				77B725572099C453005E51E1 /* Roboto-Regular.ttf */,
				77B725582099C453005E51E1 /* Roboto-Thin.ttf */,
				77B725592099C453005E51E1 /* Roboto-ThinItalic.ttf */,
				77B7254D2099C444005E51E1 /* UIFont+CustomFont.swift */,
				77B7253B2099C421005E51E1 /* AppDelegate.swift */,
				77B7253D2099C421005E51E1 /* ViewController.swift */,
				77B7253F2099C421005E51E1 /* Main.storyboard */,
				77B725422099C421005E51E1 /* Assets.xcassets */,
				77B725442099C421005E51E1 /* LaunchScreen.storyboard */,
				77B725472099C421005E51E1 /* Info.plist */,
			);
			path = "Font Extension";
			sourceTree = "<group>";
		};
/* End PBXGroup section */

/* Begin PBXNativeTarget section */
		77B725372099C421005E51E1 /* Font Extension */ = {
			isa = PBXNativeTarget;
			buildConfigurationList = 77B7254A2099C421005E51E1 /* Build configuration list for PBXNativeTarget "Font Extension" */;
			buildPhases = (
				77B725342099C421005E51E1 /* Sources */,
				77B725352099C421005E51E1 /* Frameworks */,
				77B725362099C421005E51E1 /* Resources */,
			);
			buildRules = (
			);
			dependencies = (
			);
			name = "Font Extension";
			productName = "Font Extension";
			productReference = 77B725382099C421005E51E1 /* Font Extension.app */;
			productType = "com.apple.product-type.application";
		};
/* End PBXNativeTarget section */

/* Begin PBXProject section */
		77B725302099C421005E51E1 /* Project object */ = {
			isa = PBXProject;
			attributes = {
				LastSwiftUpdateCheck = 0920;
				LastUpgradeCheck = 0920;
				ORGANIZATIONNAME = Karthick;
				TargetAttributes = {
					77B725372099C421005E51E1 = {
						CreatedOnToolsVersion = 9.2;
						ProvisioningStyle = Automatic;
					};
				};
			};
			buildConfigurationList = 77B725332099C421005E51E1 /* Build configuration list for PBXProject "Font Extension" */;
			compatibilityVersion = "Xcode 8.0";
			developmentRegion = en;
			hasScannedForEncodings = 0;
			knownRegions = (
				en,
				Base,
			);
			mainGroup = 77B7252F2099C421005E51E1;
			productRefGroup = 77B725392099C421005E51E1 /* Products */;
			projectDirPath = "";
			projectRoot = "";
			targets = (
				77B725372099C421005E51E1 /* Font Extension */,
			);
		};
/* End PBXProject section */

/* Begin PBXResourcesBuildPhase section */
		77B725362099C421005E51E1 /* Resources */ = {
			isa = PBXResourcesBuildPhase;
			buildActionMask = 2147483647;
			files = (
				77B7255B2099C453005E51E1 /* Roboto-MediumItalic.ttf in Resources */,
				77B725622099C453005E51E1 /* Roboto-BoldItalic.ttf in Resources */,
				77B725662099C453005E51E1 /* Roboto-Bold.ttf in Resources */,
				77B725602099C453005E51E1 /* Roboto-Italic.ttf in Resources */,
				77B725612099C453005E51E1 /* Roboto-LightItalic.ttf in Resources */,
				77B725462099C421005E51E1 /* LaunchScreen.storyboard in Resources */,
				77B7255D2099C453005E51E1 /* Roboto-Light.ttf in Resources */,
				77B725632099C453005E51E1 /* Roboto-Regular.ttf in Resources */,
				77B7255E2099C453005E51E1 /* Roboto-Medium.ttf in Resources */,
				77B7255C2099C453005E51E1 /* Roboto-Black.ttf in Resources */,
				77B725432099C421005E51E1 /* Assets.xcassets in Resources */,
				77B725652099C453005E51E1 /* Roboto-ThinItalic.ttf in Resources */,
				77B725412099C421005E51E1 /* Main.storyboard in Resources */,
				77B725642099C453005E51E1 /* Roboto-Thin.ttf in Resources */,
				77B7255F2099C453005E51E1 /* Roboto-BlackItalic.ttf in Resources */,
			);
			runOnlyForDeploymentPostprocessing = 0;
		};
/* End PBXResourcesBuildPhase section */

/* Begin PBXSourcesBuildPhase section */
		77B725342099C421005E51E1 /* Sources */ = {
			isa = PBXSourcesBuildPhase;
			buildActionMask = 2147483647;
			files = (
				77B7254E2099C444005E51E1 /* UIFont+CustomFont.swift in Sources */,
				77B7253E2099C421005E51E1 /* ViewController.swift in Sources */,
				77B7253C2099C421005E51E1 /* AppDelegate.swift in Sources */,
			);
			runOnlyForDeploymentPostprocessing = 0;
		};
/* End PBXSourcesBuildPhase section */

/* Begin PBXVariantGroup section */
		77B7253F2099C421005E51E1 /* Main.storyboard */ = {
			isa = PBXVariantGroup;
			children = (
				77B725402099C421005E51E1 /* Base */,
			);
			name = Main.storyboard;
			sourceTree = "<group>";
		};
		77B725442099C421005E51E1 /* LaunchScreen.storyboard */ = {
			isa = PBXVariantGroup;
			children = (
				77B725452099C421005E51E1 /* Base */,
			);
			name = LaunchScreen.storyboard;
			sourceTree = "<group>";
		};
/* End PBXVariantGroup section */

/* Begin XCBuildConfiguration section */
		77B725482099C421005E51E1 /* Debug */ = {
			isa = XCBuildConfiguration;
			buildSettings = {
				ALWAYS_SEARCH_USER_PATHS = NO;
				CLANG_ANALYZER_NONNULL = YES;
				CLANG_ANALYZER_NUMBER_OBJECT_CONVERSION = YES_AGGRESSIVE;
				CLANG_CXX_LANGUAGE_STANDARD = "gnu++14";
				CLANG_CXX_LIBRARY = "libc++";
				CLANG_ENABLE_MODULES = YES;
				CLANG_ENABLE_OBJC_ARC = YES;
				CLANG_WARN_BLOCK_CAPTURE_AUTORELEASING = YES;
				CLANG_WARN_BOOL_CONVERSION = YES;
				CLANG_WARN_COMMA = YES;
				CLANG_WARN_CONSTANT_CONVERSION = YES;
				CLANG_WARN_DIRECT_OBJC_ISA_USAGE = YES_ERROR;
				CLANG_WARN_DOCUMENTATION_COMMENTS = YES;
				CLANG_WARN_EMPTY_BODY = YES;
				CLANG_WARN_ENUM_CONVERSION = YES;
				CLANG_WARN_INFINITE_RECURSION = YES;
				CLANG_WARN_INT_CONVERSION = YES;
				CLANG_WARN_NON_LITERAL_NULL_CONVERSION = YES;
				CLANG_WARN_OBJC_LITERAL_CONVERSION = YES;
				CLANG_WARN_OBJC_ROOT_CLASS = YES_ERROR;
				CLANG_WARN_RANGE_LOOP_ANALYSIS = YES;
				CLANG_WARN_STRICT_PROTOTYPES = YES;
				CLANG_WARN_SUSPICIOUS_MOVE = YES;
				CLANG_WARN_UNGUARDED_AVAILABILITY = YES_AGGRESSIVE;
				CLANG_WARN_UNREACHABLE_CODE = YES;
				CLANG_WARN__DUPLICATE_METHOD_MATCH = YES;
				CODE_SIGN_IDENTITY = "iPhone Developer";
				COPY_PHASE_STRIP = NO;
				DEBUG_INFORMATION_FORMAT = dwarf;
				ENABLE_STRICT_OBJC_MSGSEND = YES;
				ENABLE_TESTABILITY = YES;
				GCC_C_LANGUAGE_STANDARD = gnu11;
				GCC_DYNAMIC_NO_PIC = NO;
				GCC_NO_COMMON_BLOCKS = YES;
				GCC_OPTIMIZATION_LEVEL = 0;
				GCC_PREPROCESSOR_DEFINITIONS = (
					"DEBUG=1",
					"$(inherited)",
				);
				GCC_WARN_64_TO_32_BIT_CONVERSION = YES;
				GCC_WARN_ABOUT_RETURN_TYPE = YES_ERROR;
				GCC_WARN_UNDECLARED_SELECTOR = YES;
				GCC_WARN_UNINITIALIZED_AUTOS = YES_AGGRESSIVE;
				GCC_WARN_UNUSED_FUNCTION = YES;
				GCC_WARN_UNUSED_VARIABLE = YES;
				IPHONEOS_DEPLOYMENT_TARGET = 11.2;
				MTL_ENABLE_DEBUG_INFO = YES;
				ONLY_ACTIVE_ARCH = YES;
				SDKROOT = iphoneos;
				SWIFT_ACTIVE_COMPILATION_CONDITIONS = DEBUG;
				SWIFT_OPTIMIZATION_LEVEL = "-Onone";
			};
			name = Debug;
		};
		77B725492099C421005E51E1 /* Release */ = {
			isa = XCBuildConfiguration;
			buildSettings = {
				ALWAYS_SEARCH_USER_PATHS = NO;
				CLANG_ANALYZER_NONNULL = YES;
				CLANG_ANALYZER_NUMBER_OBJECT_CONVERSION = YES_AGGRESSIVE;
				CLANG_CXX_LANGUAGE_STANDARD = "gnu++14";
				CLANG_CXX_LIBRARY = "libc++";
				CLANG_ENABLE_MODULES = YES;
				CLANG_ENABLE_OBJC_ARC = YES;
				CLANG_WARN_BLOCK_CAPTURE_AUTORELEASING = YES;
				CLANG_WARN_BOOL_CONVERSION = YES;
				CLANG_WARN_COMMA = YES;
				CLANG_WARN_CONSTANT_CONVERSION = YES;
				CLANG_WARN_DIRECT_OBJC_ISA_USAGE = YES_ERROR;
				CLANG_WARN_DOCUMENTATION_COMMENTS = YES;
				CLANG_WARN_EMPTY_BODY = YES;
				CLANG_WARN_ENUM_CONVERSION = YES;
				CLANG_WARN_INFINITE_RECURSION = YES;
				CLANG_WARN_INT_CONVERSION = YES;
				CLANG_WARN_NON_LITERAL_NULL_CONVERSION = YES;
				CLANG_WARN_OBJC_LITERAL_CONVERSION = YES;
				CLANG_WARN_OBJC_ROOT_CLASS = YES_ERROR;
				CLANG_WARN_RANGE_LOOP_ANALYSIS = YES;
				CLANG_WARN_STRICT_PROTOTYPES = YES;
				CLANG_WARN_SUSPICIOUS_MOVE = YES;
				CLANG_WARN_UNGUARDED_AVAILABILITY = YES_AGGRESSIVE;
				CLANG_WARN_UNREACHABLE_CODE = YES;
				CLANG_WARN__DUPLICATE_METHOD_MATCH = YES;
				CODE_SIGN_IDENTITY = "iPhone Developer";
				COPY_PHASE_STRIP = NO;
				DEBUG_INFORMATION_FORMAT = "dwarf-with-dsym";
				ENABLE_NS_ASSERTIONS = NO;
				ENABLE_STRICT_OBJC_MSGSEND = YES;
				GCC_C_LANGUAGE_STANDARD = gnu11;
				GCC_NO_COMMON_BLOCKS = YES;
				GCC_WARN_64_TO_32_BIT_CONVERSION = YES;
				GCC_WARN_ABOUT_RETURN_TYPE = YES_ERROR;
				GCC_WARN_UNDECLARED_SELECTOR = YES;
				GCC_WARN_UNINITIALIZED_AUTOS = YES_AGGRESSIVE;
				GCC_WARN_UNUSED_FUNCTION = YES;
				GCC_WARN_UNUSED_VARIABLE = YES;
				IPHONEOS_DEPLOYMENT_TARGET = 11.2;
				MTL_ENABLE_DEBUG_INFO = NO;
				SDKROOT = iphoneos;
				SWIFT_OPTIMIZATION_LEVEL = "-Owholemodule";
				VALIDATE_PRODUCT = YES;
			};
			name = Release;
		};
		77B7254B2099C421005E51E1 /* Debug */ = {
			isa = XCBuildConfiguration;
			buildSettings = {
				ASSETCATALOG_COMPILER_APPICON_NAME = AppIcon;
				CODE_SIGN_STYLE = Automatic;
				INFOPLIST_FILE = "Font Extension/Info.plist";
				LD_RUNPATH_SEARCH_PATHS = "$(inherited) @executable_path/Frameworks";
				PRODUCT_BUNDLE_IDENTIFIER = "com.tech.Font-Extension";
				PRODUCT_NAME = "$(TARGET_NAME)";
				SWIFT_VERSION = 4.0;
				TARGETED_DEVICE_FAMILY = "1,2";
			};
			name = Debug;
		};
		77B7254C2099C421005E51E1 /* Release */ = {
			isa = XCBuildConfiguration;
			buildSettings = {
				ASSETCATALOG_COMPILER_APPICON_NAME = AppIcon;
				CODE_SIGN_STYLE = Automatic;
				INFOPLIST_FILE = "Font Extension/Info.plist";
				LD_RUNPATH_SEARCH_PATHS = "$(inherited) @executable_path/Frameworks";
				PRODUCT_BUNDLE_IDENTIFIER = "com.tech.Font-Extension";
				PRODUCT_NAME = "$(TARGET_NAME)";
				SWIFT_VERSION = 4.0;
				TARGETED_DEVICE_FAMILY = "1,2";
			};
			name = Release;
		};
/* End XCBuildConfiguration section */

/* Begin XCConfigurationList section */
		77B725332099C421005E51E1 /* Build configuration list for PBXProject "Font Extension" */ = {
			isa = XCConfigurationList;
			buildConfigurations = (
				77B725482099C421005E51E1 /* Debug */,
				77B725492099C421005E51E1 /* Release */,
			);
			defaultConfigurationIsVisible = 0;
			defaultConfigurationName = Release;
		};
		77B7254A2099C421005E51E1 /* Build configuration list for PBXNativeTarget "Font Extension" */ = {
			isa = XCConfigurationList;
			buildConfigurations = (
				77B7254B2099C421005E51E1 /* Debug */,
				77B7254C2099C421005E51E1 /* Release */,
			);
			defaultConfigurationIsVisible = 0;
			defaultConfigurationName = Release;
		};
/* End XCConfigurationList section */
	};
	rootObject = 77B725302099C421005E51E1 /* Project object */;
}
